
Microsoft Visual Studio Solution File, Format Version 12.00
# Visual Studio Version 17
VisualStudioVersion = 17.0.31903.59
MinimumVisualStudioVersion = 10.0.40219.1
Project("{FAE04EC0-301F-11D3-BF4B-00C04F79EFBC}") = "Todo.Domain", "Todo.Domain\Todo.Domain.csproj", "{758964DB-91DA-436A-8BC3-9DE1AEAD2D8E}"
EndProject
Project("{FAE04EC0-301F-11D3-BF4B-00C04F79EFBC}") = "Todo.Domain.Api", "Todo.Domain.Api\Todo.Domain.Api.csproj", "{CA0AE5D8-020F-48C2-8C6C-15FC59F3AC73}"
EndProject
Project("{FAE04EC0-301F-11D3-BF4B-00C04F79EFBC}") = "Todo.Domain.Tests", "Todo.Domain.Tests\Todo.Domain.Tests.csproj", "{BE35048F-C1A8-4237-A8BB-A6AA71357ACE}"
EndProject
Project("{FAE04EC0-301F-11D3-BF4B-00C04F79EFBC}") = "Todo.Domain.Infra", "Todo.Domain.Infra\Todo.Domain.Infra.csproj", "{A0B48797-2FE6-4437-BDAF-DA34E5E2FC28}"
EndProject
Global
	GlobalSection(SolutionConfigurationPlatforms) = preSolution
		Debug|Any CPU = Debug|Any CPU
		Release|Any CPU = Release|Any CPU
	EndGlobalSection
	GlobalSection(SolutionProperties) = preSolution
		HideSolutionNode = FALSE
	EndGlobalSection
	GlobalSection(ProjectConfigurationPlatforms) = postSolution
		{758964DB-91DA-436A-8BC3-9DE1AEAD2D8E}.Debug|Any CPU.ActiveCfg = Debug|Any CPU
		{758964DB-91DA-436A-8BC3-9DE1AEAD2D8E}.Debug|Any CPU.Build.0 = Debug|Any CPU
		{758964DB-91DA-436A-8BC3-9DE1AEAD2D8E}.Release|Any CPU.ActiveCfg = Release|Any CPU
		{758964DB-91DA-436A-8BC3-9DE1AEAD2D8E}.Release|Any CPU.Build.0 = Release|Any CPU
		{CA0AE5D8-020F-48C2-8C6C-15FC59F3AC73}.Debug|Any CPU.ActiveCfg = Debug|Any CPU
		{CA0AE5D8-020F-48C2-8C6C-15FC59F3AC73}.Debug|Any CPU.Build.0 = Debug|Any CPU
		{CA0AE5D8-020F-48C2-8C6C-15FC59F3AC73}.Release|Any CPU.ActiveCfg = Release|Any CPU
		{CA0AE5D8-020F-48C2-8C6C-15FC59F3AC73}.Release|Any CPU.Build.0 = Release|Any CPU
		{BE35048F-C1A8-4237-A8BB-A6AA71357ACE}.Debug|Any CPU.ActiveCfg = Debug|Any CPU
		{BE35048F-C1A8-4237-A8BB-A6AA71357ACE}.Debug|Any CPU.Build.0 = Debug|Any CPU
		{BE35048F-C1A8-4237-A8BB-A6AA71357ACE}.Release|Any CPU.ActiveCfg = Release|Any CPU
		{BE35048F-C1A8-4237-A8BB-A6AA71357ACE}.Release|Any CPU.Build.0 = Release|Any CPU
		{A0B48797-2FE6-4437-BDAF-DA34E5E2FC28}.Debug|Any CPU.ActiveCfg = Debug|Any CPU
		{A0B48797-2FE6-4437-BDAF-DA34E5E2FC28}.Debug|Any CPU.Build.0 = Debug|Any CPU
		{A0B48797-2FE6-4437-BDAF-DA34E5E2FC28}.Release|Any CPU.ActiveCfg = Release|Any CPU
		{A0B48797-2FE6-4437-BDAF-DA34E5E2FC28}.Release|Any CPU.Build.0 = Release|Any CPU
	EndGlobalSection
EndGlobal
